
Microsoft Visual Studio Solution File, Format Version 12.00
# Visual Studio Version 17
VisualStudioVersion = 17.3.32901.215
MinimumVisualStudioVersion = 10.0.40219.1
Project("{FAE04EC0-301F-11D3-BF4B-00C04F79EFBC}") = "GEIN.API", "GEIN.API\GEIN.API.csproj", "{1F7D48AE-D295-4C55-A9CF-6DEA1011AEBF}"
EndProject
Project("{FAE04EC0-301F-11D3-BF4B-00C04F79EFBC}") = "GEIN.API.DA", "GEIN.API.DA\GEIN.API.DA.csproj", "{757D20C7-8BD3-4C79-9EA5-DC0EDF3476BB}"
EndProject
Project("{FAE04EC0-301F-11D3-BF4B-00C04F79EFBC}") = "GEIN.API.BL", "GEIN.API.BL\GEIN.API.BL.csproj", "{2792EE59-6F96-457F-B5E3-5CD2B73C9C2A}"
EndProject
Global
	GlobalSection(SolutionConfigurationPlatforms) = preSolution
		Debug|Any CPU = Debug|Any CPU
		Release|Any CPU = Release|Any CPU
	EndGlobalSection
	GlobalSection(ProjectConfigurationPlatforms) = postSolution
		{1F7D48AE-D295-4C55-A9CF-6DEA1011AEBF}.Debug|Any CPU.ActiveCfg = Debug|Any CPU
		{1F7D48AE-D295-4C55-A9CF-6DEA1011AEBF}.Debug|Any CPU.Build.0 = Debug|Any CPU
		{1F7D48AE-D295-4C55-A9CF-6DEA1011AEBF}.Release|Any CPU.ActiveCfg = Release|Any CPU
		{1F7D48AE-D295-4C55-A9CF-6DEA1011AEBF}.Release|Any CPU.Build.0 = Release|Any CPU
		{757D20C7-8BD3-4C79-9EA5-DC0EDF3476BB}.Debug|Any CPU.ActiveCfg = Debug|Any CPU
		{757D20C7-8BD3-4C79-9EA5-DC0EDF3476BB}.Debug|Any CPU.Build.0 = Debug|Any CPU
		{757D20C7-8BD3-4C79-9EA5-DC0EDF3476BB}.Release|Any CPU.ActiveCfg = Release|Any CPU
		{757D20C7-8BD3-4C79-9EA5-DC0EDF3476BB}.Release|Any CPU.Build.0 = Release|Any CPU
		{2792EE59-6F96-457F-B5E3-5CD2B73C9C2A}.Debug|Any CPU.ActiveCfg = Debug|Any CPU
		{2792EE59-6F96-457F-B5E3-5CD2B73C9C2A}.Debug|Any CPU.Build.0 = Debug|Any CPU
		{2792EE59-6F96-457F-B5E3-5CD2B73C9C2A}.Release|Any CPU.ActiveCfg = Release|Any CPU
		{2792EE59-6F96-457F-B5E3-5CD2B73C9C2A}.Release|Any CPU.Build.0 = Release|Any CPU
	EndGlobalSection
	GlobalSection(SolutionProperties) = preSolution
		HideSolutionNode = FALSE
	EndGlobalSection
	GlobalSection(ExtensibilityGlobals) = postSolution
		SolutionGuid = {FE84CCF4-362D-413F-91B8-B65BE709D6CB}
	EndGlobalSection
EndGlobal
